// !$*UTF8*$!
{
	archiveVersion = 1;
	classes = {
	};
	objectVersion = 56;
	objects = {

/* Begin PBXBuildFile section */
		EB146C432ADE7167000CE6C9 /* LocationsView.swift in Sources */ = {isa = PBXBuildFile; fileRef = EB146C422ADE7167000CE6C9 /* LocationsView.swift */; };
		EB146C452ADE7589000CE6C9 /* LocationsViewModel.swift in Sources */ = {isa = PBXBuildFile; fileRef = EB146C442ADE7589000CE6C9 /* LocationsViewModel.swift */; };
		EB29C8402ADEA2A90096D6A7 /* LocationsListView.swift in Sources */ = {isa = PBXBuildFile; fileRef = EB29C83F2ADEA2A90096D6A7 /* LocationsListView.swift */; };
		EB3A8EF92ADEBFF0003E29AE /* LocationPreviewCardView.swift in Sources */ = {isa = PBXBuildFile; fileRef = EB3A8EF82ADEBFF0003E29AE /* LocationPreviewCardView.swift */; };
		EB3A8EFB2ADEDF07003E29AE /* LocationMarkerView.swift in Sources */ = {isa = PBXBuildFile; fileRef = EB3A8EFA2ADEDF07003E29AE /* LocationMarkerView.swift */; };
		EBCEDBCC2ADE58ED00B5C443 /* SwiftUIMapAppApp.swift in Sources */ = {isa = PBXBuildFile; fileRef = EBCEDBCB2ADE58ED00B5C443 /* SwiftUIMapAppApp.swift */; };
		EBCEDBD32ADE58EE00B5C443 /* Preview Assets.xcassets in Resources */ = {isa = PBXBuildFile; fileRef = EBCEDBD22ADE58EE00B5C443 /* Preview Assets.xcassets */; };
		EBCEDBDA2ADE5AAC00B5C443 /* Assets.xcassets in Resources */ = {isa = PBXBuildFile; fileRef = EBCEDBD92ADE5AAC00B5C443 /* Assets.xcassets */; };
		EBCEDBDF2ADE5C1200B5C443 /* Location.swift in Sources */ = {isa = PBXBuildFile; fileRef = EBCEDBDE2ADE5C1200B5C443 /* Location.swift */; };
		EBCEDBE22ADE5D0200B5C443 /* LocationsDataService.swift in Sources */ = {isa = PBXBuildFile; fileRef = EBCEDBE12ADE5D0200B5C443 /* LocationsDataService.swift */; };
/* End PBXBuildFile section */

/* Begin PBXFileReference section */
		EB146C422ADE7167000CE6C9 /* LocationsView.swift */ = {isa = PBXFileReference; lastKnownFileType = sourcecode.swift; path = LocationsView.swift; sourceTree = "<group>"; };
		EB146C442ADE7589000CE6C9 /* LocationsViewModel.swift */ = {isa = PBXFileReference; lastKnownFileType = sourcecode.swift; path = LocationsViewModel.swift; sourceTree = "<group>"; };
		EB29C83F2ADEA2A90096D6A7 /* LocationsListView.swift */ = {isa = PBXFileReference; lastKnownFileType = sourcecode.swift; path = LocationsListView.swift; sourceTree = "<group>"; };
		EB3A8EF82ADEBFF0003E29AE /* LocationPreviewCardView.swift */ = {isa = PBXFileReference; lastKnownFileType = sourcecode.swift; path = LocationPreviewCardView.swift; sourceTree = "<group>"; };
		EB3A8EFA2ADEDF07003E29AE /* LocationMarkerView.swift */ = {isa = PBXFileReference; lastKnownFileType = sourcecode.swift; path = LocationMarkerView.swift; sourceTree = "<group>"; };
		EBCEDBC82ADE58ED00B5C443 /* SwiftUIMapApp.app */ = {isa = PBXFileReference; explicitFileType = wrapper.application; includeInIndex = 0; path = SwiftUIMapApp.app; sourceTree = BUILT_PRODUCTS_DIR; };
		EBCEDBCB2ADE58ED00B5C443 /* SwiftUIMapAppApp.swift */ = {isa = PBXFileReference; lastKnownFileType = sourcecode.swift; path = SwiftUIMapAppApp.swift; sourceTree = "<group>"; };
		EBCEDBD22ADE58EE00B5C443 /* Preview Assets.xcassets */ = {isa = PBXFileReference; lastKnownFileType = folder.assetcatalog; path = "Preview Assets.xcassets"; sourceTree = "<group>"; };
		EBCEDBD92ADE5AAC00B5C443 /* Assets.xcassets */ = {isa = PBXFileReference; lastKnownFileType = folder.assetcatalog; path = Assets.xcassets; sourceTree = "<group>"; };
		EBCEDBDE2ADE5C1200B5C443 /* Location.swift */ = {isa = PBXFileReference; lastKnownFileType = sourcecode.swift; path = Location.swift; sourceTree = "<group>"; };
		EBCEDBE12ADE5D0200B5C443 /* LocationsDataService.swift */ = {isa = PBXFileReference; fileEncoding = 4; lastKnownFileType = sourcecode.swift; path = LocationsDataService.swift; sourceTree = "<group>"; };
/* End PBXFileReference section */

/* Begin PBXFrameworksBuildPhase section */
		EBCEDBC52ADE58ED00B5C443 /* Frameworks */ = {
			isa = PBXFrameworksBuildPhase;
			buildActionMask = 2147483647;
			files = (
			);
			runOnlyForDeploymentPostprocessing = 0;
		};
/* End PBXFrameworksBuildPhase section */

/* Begin PBXGroup section */
		EBCEDBBF2ADE58ED00B5C443 = {
			isa = PBXGroup;
			children = (
				EBCEDBCA2ADE58ED00B5C443 /* SwiftUIMapApp */,
				EBCEDBC92ADE58ED00B5C443 /* Products */,
			);
			sourceTree = "<group>";
		};
		EBCEDBC92ADE58ED00B5C443 /* Products */ = {
			isa = PBXGroup;
			children = (
				EBCEDBC82ADE58ED00B5C443 /* SwiftUIMapApp.app */,
			);
			name = Products;
			sourceTree = "<group>";
		};
		EBCEDBCA2ADE58ED00B5C443 /* SwiftUIMapApp */ = {
			isa = PBXGroup;
			children = (
				EBCEDBCB2ADE58ED00B5C443 /* SwiftUIMapAppApp.swift */,
				EBCEDBE02ADE5CEE00B5C443 /* DataServices */,
				EBCEDBDB2ADE5B8500B5C443 /* Models */,
				EBCEDBDD2ADE5B9200B5C443 /* ViewModels */,
				EBCEDBDC2ADE5B8D00B5C443 /* Views */,
				EBCEDBD92ADE5AAC00B5C443 /* Assets.xcassets */,
				EBCEDBD12ADE58EE00B5C443 /* Preview Content */,
			);
			path = SwiftUIMapApp;
			sourceTree = "<group>";
		};
		EBCEDBD12ADE58EE00B5C443 /* Preview Content */ = {
			isa = PBXGroup;
			children = (
				EBCEDBD22ADE58EE00B5C443 /* Preview Assets.xcassets */,
			);
			path = "Preview Content";
			sourceTree = "<group>";
		};
		EBCEDBDB2ADE5B8500B5C443 /* Models */ = {
			isa = PBXGroup;
			children = (
				EBCEDBDE2ADE5C1200B5C443 /* Location.swift */,
			);
			path = Models;
			sourceTree = "<group>";
		};
		EBCEDBDC2ADE5B8D00B5C443 /* Views */ = {
			isa = PBXGroup;
			children = (
				EB146C422ADE7167000CE6C9 /* LocationsView.swift */,
				EB29C83F2ADEA2A90096D6A7 /* LocationsListView.swift */,
				EB3A8EF82ADEBFF0003E29AE /* LocationPreviewCardView.swift */,
				EB3A8EFA2ADEDF07003E29AE /* LocationMarkerView.swift */,
			);
			path = Views;
			sourceTree = "<group>";
		};
		EBCEDBDD2ADE5B9200B5C443 /* ViewModels */ = {
			isa = PBXGroup;
			children = (
				EB146C442ADE7589000CE6C9 /* LocationsViewModel.swift */,
			);
			path = ViewModels;
			sourceTree = "<group>";
		};
		EBCEDBE02ADE5CEE00B5C443 /* DataServices */ = {
			isa = PBXGroup;
			children = (
				EBCEDBE12ADE5D0200B5C443 /* LocationsDataService.swift */,
			);
			path = DataServices;
			sourceTree = "<group>";
		};
/* End PBXGroup section */

/* Begin PBXNativeTarget section */
		EBCEDBC72ADE58ED00B5C443 /* SwiftUIMapApp */ = {
			isa = PBXNativeTarget;
			buildConfigurationList = EBCEDBD62ADE58EE00B5C443 /* Build configuration list for PBXNativeTarget "SwiftUIMapApp" */;
			buildPhases = (
				EBCEDBC42ADE58ED00B5C443 /* Sources */,
				EBCEDBC52ADE58ED00B5C443 /* Frameworks */,
				EBCEDBC62ADE58ED00B5C443 /* Resources */,
			);
			buildRules = (
			);
			dependencies = (
			);
			name = SwiftUIMapApp;
			productName = SwiftUIMapApp;
			productReference = EBCEDBC82ADE58ED00B5C443 /* SwiftUIMapApp.app */;
			productType = "com.apple.product-type.application";
		};
/* End PBXNativeTarget section */

/* Begin PBXProject section */
		EBCEDBC02ADE58ED00B5C443 /* Project object */ = {
			isa = PBXProject;
			attributes = {
				BuildIndependentTargetsInParallel = 1;
				LastSwiftUpdateCheck = 1500;
				LastUpgradeCheck = 1500;
				TargetAttributes = {
					EBCEDBC72ADE58ED00B5C443 = {
						CreatedOnToolsVersion = 15.0;
					};
				};
			};
			buildConfigurationList = EBCEDBC32ADE58ED00B5C443 /* Build configuration list for PBXProject "SwiftUIMapApp" */;
			compatibilityVersion = "Xcode 14.0";
			developmentRegion = en;
			hasScannedForEncodings = 0;
			knownRegions = (
				en,
				Base,
			);
			mainGroup = EBCEDBBF2ADE58ED00B5C443;
			productRefGroup = EBCEDBC92ADE58ED00B5C443 /* Products */;
			projectDirPath = "";
			projectRoot = "";
			targets = (
				EBCEDBC72ADE58ED00B5C443 /* SwiftUIMapApp */,
			);
		};
/* End PBXProject section */

/* Begin PBXResourcesBuildPhase section */
		EBCEDBC62ADE58ED00B5C443 /* Resources */ = {
			isa = PBXResourcesBuildPhase;
			buildActionMask = 2147483647;
			files = (
				EBCEDBDA2ADE5AAC00B5C443 /* Assets.xcassets in Resources */,
				EBCEDBD32ADE58EE00B5C443 /* Preview Assets.xcassets in Resources */,
			);
			runOnlyForDeploymentPostprocessing = 0;
		};
/* End PBXResourcesBuildPhase section */

/* Begin PBXSourcesBuildPhase section */
		EBCEDBC42ADE58ED00B5C443 /* Sources */ = {
			isa = PBXSourcesBuildPhase;
			buildActionMask = 2147483647;
			files = (
				EBCEDBE22ADE5D0200B5C443 /* LocationsDataService.swift in Sources */,
				EB3A8EFB2ADEDF07003E29AE /* LocationMarkerView.swift in Sources */,
				EB146C432ADE7167000CE6C9 /* LocationsView.swift in Sources */,
				EBCEDBDF2ADE5C1200B5C443 /* Location.swift in Sources */,
				EB29C8402ADEA2A90096D6A7 /* LocationsListView.swift in Sources */,
				EB3A8EF92ADEBFF0003E29AE /* LocationPreviewCardView.swift in Sources */,
				EBCEDBCC2ADE58ED00B5C443 /* SwiftUIMapAppApp.swift in Sources */,
				EB146C452ADE7589000CE6C9 /* LocationsViewModel.swift in Sources */,
			);
			runOnlyForDeploymentPostprocessing = 0;
		};
/* End PBXSourcesBuildPhase section */

/* Begin XCBuildConfiguration section */
		EBCEDBD42ADE58EE00B5C443 /* Debug */ = {
			isa = XCBuildConfiguration;
			buildSettings = {
				ALWAYS_SEARCH_USER_PATHS = NO;
				ASSETCATALOG_COMPILER_GENERATE_SWIFT_ASSET_SYMBOL_EXTENSIONS = YES;
				CLANG_ANALYZER_NONNULL = YES;
				CLANG_ANALYZER_NUMBER_OBJECT_CONVERSION = YES_AGGRESSIVE;
				CLANG_CXX_LANGUAGE_STANDARD = "gnu++20";
				CLANG_ENABLE_MODULES = YES;
				CLANG_ENABLE_OBJC_ARC = YES;
				CLANG_ENABLE_OBJC_WEAK = YES;
				CLANG_WARN_BLOCK_CAPTURE_AUTORELEASING = YES;
				CLANG_WARN_BOOL_CONVERSION = YES;
				CLANG_WARN_COMMA = YES;
				CLANG_WARN_CONSTANT_CONVERSION = YES;
				CLANG_WARN_DEPRECATED_OBJC_IMPLEMENTATIONS = YES;
				CLANG_WARN_DIRECT_OBJC_ISA_USAGE = YES_ERROR;
				CLANG_WARN_DOCUMENTATION_COMMENTS = YES;
				CLANG_WARN_EMPTY_BODY = YES;
				CLANG_WARN_ENUM_CONVERSION = YES;
				CLANG_WARN_INFINITE_RECURSION = YES;
				CLANG_WARN_INT_CONVERSION = YES;
				CLANG_WARN_NON_LITERAL_NULL_CONVERSION = YES;
				CLANG_WARN_OBJC_IMPLICIT_RETAIN_SELF = YES;
				CLANG_WARN_OBJC_LITERAL_CONVERSION = YES;
				CLANG_WARN_OBJC_ROOT_CLASS = YES_ERROR;
				CLANG_WARN_QUOTED_INCLUDE_IN_FRAMEWORK_HEADER = YES;
				CLANG_WARN_RANGE_LOOP_ANALYSIS = YES;
				CLANG_WARN_STRICT_PROTOTYPES = YES;
				CLANG_WARN_SUSPICIOUS_MOVE = YES;
				CLANG_WARN_UNGUARDED_AVAILABILITY = YES_AGGRESSIVE;
				CLANG_WARN_UNREACHABLE_CODE = YES;
				CLANG_WARN__DUPLICATE_METHOD_MATCH = YES;
				COPY_PHASE_STRIP = NO;
				DEBUG_INFORMATION_FORMAT = dwarf;
				ENABLE_STRICT_OBJC_MSGSEND = YES;
				ENABLE_TESTABILITY = YES;
				ENABLE_USER_SCRIPT_SANDBOXING = YES;
				GCC_C_LANGUAGE_STANDARD = gnu17;
				GCC_DYNAMIC_NO_PIC = NO;
				GCC_NO_COMMON_BLOCKS = YES;
				GCC_OPTIMIZATION_LEVEL = 0;
				GCC_PREPROCESSOR_DEFINITIONS = (
					"DEBUG=1",
					"$(inherited)",
				);
				GCC_WARN_64_TO_32_BIT_CONVERSION = YES;
				GCC_WARN_ABOUT_RETURN_TYPE = YES_ERROR;
				GCC_WARN_UNDECLARED_SELECTOR = YES;
				GCC_WARN_UNINITIALIZED_AUTOS = YES_AGGRESSIVE;
				GCC_WARN_UNUSED_FUNCTION = YES;
				GCC_WARN_UNUSED_VARIABLE = YES;
				IPHONEOS_DEPLOYMENT_TARGET = 17.0;
				LOCALIZATION_PREFERS_STRING_CATALOGS = YES;
				MTL_ENABLE_DEBUG_INFO = INCLUDE_SOURCE;
				MTL_FAST_MATH = YES;
				ONLY_ACTIVE_ARCH = YES;
				SDKROOT = iphoneos;
				SWIFT_ACTIVE_COMPILATION_CONDITIONS = "DEBUG $(inherited)";
				SWIFT_OPTIMIZATION_LEVEL = "-Onone";
			};
			name = Debug;
		};
		EBCEDBD52ADE58EE00B5C443 /* Release */ = {
			isa = XCBuildConfiguration;
			buildSettings = {
				ALWAYS_SEARCH_USER_PATHS = NO;
				ASSETCATALOG_COMPILER_GENERATE_SWIFT_ASSET_SYMBOL_EXTENSIONS = YES;
				CLANG_ANALYZER_NONNULL = YES;
				CLANG_ANALYZER_NUMBER_OBJECT_CONVERSION = YES_AGGRESSIVE;
				CLANG_CXX_LANGUAGE_STANDARD = "gnu++20";
				CLANG_ENABLE_MODULES = YES;
				CLANG_ENABLE_OBJC_ARC = YES;
				CLANG_ENABLE_OBJC_WEAK = YES;
				CLANG_WARN_BLOCK_CAPTURE_AUTORELEASING = YES;
				CLANG_WARN_BOOL_CONVERSION = YES;
				CLANG_WARN_COMMA = YES;
				CLANG_WARN_CONSTANT_CONVERSION = YES;
				CLANG_WARN_DEPRECATED_OBJC_IMPLEMENTATIONS = YES;
				CLANG_WARN_DIRECT_OBJC_ISA_USAGE = YES_ERROR;
				CLANG_WARN_DOCUMENTATION_COMMENTS = YES;
				CLANG_WARN_EMPTY_BODY = YES;
				CLANG_WARN_ENUM_CONVERSION = YES;
				CLANG_WARN_INFINITE_RECURSION = YES;
				CLANG_WARN_INT_CONVERSION = YES;
				CLANG_WARN_NON_LITERAL_NULL_CONVERSION = YES;
				CLANG_WARN_OBJC_IMPLICIT_RETAIN_SELF = YES;
				CLANG_WARN_OBJC_LITERAL_CONVERSION = YES;
				CLANG_WARN_OBJC_ROOT_CLASS = YES_ERROR;
				CLANG_WARN_QUOTED_INCLUDE_IN_FRAMEWORK_HEADER = YES;
				CLANG_WARN_RANGE_LOOP_ANALYSIS = YES;
				CLANG_WARN_STRICT_PROTOTYPES = YES;
				CLANG_WARN_SUSPICIOUS_MOVE = YES;
				CLANG_WARN_UNGUARDED_AVAILABILITY = YES_AGGRESSIVE;
				CLANG_WARN_UNREACHABLE_CODE = YES;
				CLANG_WARN__DUPLICATE_METHOD_MATCH = YES;
				COPY_PHASE_STRIP = NO;
				DEBUG_INFORMATION_FORMAT = "dwarf-with-dsym";
				ENABLE_NS_ASSERTIONS = NO;
				ENABLE_STRICT_OBJC_MSGSEND = YES;
				ENABLE_USER_SCRIPT_SANDBOXING = YES;
				GCC_C_LANGUAGE_STANDARD = gnu17;
				GCC_NO_COMMON_BLOCKS = YES;
				GCC_WARN_64_TO_32_BIT_CONVERSION = YES;
				GCC_WARN_ABOUT_RETURN_TYPE = YES_ERROR;
				GCC_WARN_UNDECLARED_SELECTOR = YES;
				GCC_WARN_UNINITIALIZED_AUTOS = YES_AGGRESSIVE;
				GCC_WARN_UNUSED_FUNCTION = YES;
				GCC_WARN_UNUSED_VARIABLE = YES;
				IPHONEOS_DEPLOYMENT_TARGET = 17.0;
				LOCALIZATION_PREFERS_STRING_CATALOGS = YES;
				MTL_ENABLE_DEBUG_INFO = NO;
				MTL_FAST_MATH = YES;
				SDKROOT = iphoneos;
				SWIFT_COMPILATION_MODE = wholemodule;
				VALIDATE_PRODUCT = YES;
			};
			name = Release;
		};
		EBCEDBD72ADE58EE00B5C443 /* Debug */ = {
			isa = XCBuildConfiguration;
			buildSettings = {
				ASSETCATALOG_COMPILER_APPICON_NAME = AppIcon;
				ASSETCATALOG_COMPILER_GLOBAL_ACCENT_COLOR_NAME = AccentColor;
				CODE_SIGN_STYLE = Automatic;
				CURRENT_PROJECT_VERSION = 1;
				DEVELOPMENT_ASSET_PATHS = "\"SwiftUIMapApp/Preview Content\"";
				DEVELOPMENT_TEAM = 8VZXPVXH33;
				ENABLE_PREVIEWS = YES;
				GENERATE_INFOPLIST_FILE = YES;
				INFOPLIST_KEY_UIApplicationSceneManifest_Generation = YES;
				INFOPLIST_KEY_UIApplicationSupportsIndirectInputEvents = YES;
				INFOPLIST_KEY_UILaunchScreen_Generation = YES;
				INFOPLIST_KEY_UISupportedInterfaceOrientations_iPad = "UIInterfaceOrientationPortrait UIInterfaceOrientationPortraitUpsideDown UIInterfaceOrientationLandscapeLeft UIInterfaceOrientationLandscapeRight";
				INFOPLIST_KEY_UISupportedInterfaceOrientations_iPhone = "UIInterfaceOrientationPortrait UIInterfaceOrientationLandscapeLeft UIInterfaceOrientationLandscapeRight";
				LD_RUNPATH_SEARCH_PATHS = (
					"$(inherited)",
					"@executable_path/Frameworks",
				);
				MARKETING_VERSION = 1.0;
				PRODUCT_BUNDLE_IDENTIFIER = com.matflow.SwiftUIMapApp;
				PRODUCT_NAME = "$(TARGET_NAME)";
				SWIFT_EMIT_LOC_STRINGS = YES;
				SWIFT_VERSION = 5.0;
				TARGETED_DEVICE_FAMILY = "1,2";
			};
			name = Debug;
		};
		EBCEDBD82ADE58EE00B5C443 /* Release */ = {
			isa = XCBuildConfiguration;
			buildSettings = {
				ASSETCATALOG_COMPILER_APPICON_NAME = AppIcon;
				ASSETCATALOG_COMPILER_GLOBAL_ACCENT_COLOR_NAME = AccentColor;
				CODE_SIGN_STYLE = Automatic;
				CURRENT_PROJECT_VERSION = 1;
				DEVELOPMENT_ASSET_PATHS = "\"SwiftUIMapApp/Preview Content\"";
				DEVELOPMENT_TEAM = 8VZXPVXH33;
				ENABLE_PREVIEWS = YES;
				GENERATE_INFOPLIST_FILE = YES;
				INFOPLIST_KEY_UIApplicationSceneManifest_Generation = YES;
				INFOPLIST_KEY_UIApplicationSupportsIndirectInputEvents = YES;
				INFOPLIST_KEY_UILaunchScreen_Generation = YES;
				INFOPLIST_KEY_UISupportedInterfaceOrientations_iPad = "UIInterfaceOrientationPortrait UIInterfaceOrientationPortraitUpsideDown UIInterfaceOrientationLandscapeLeft UIInterfaceOrientationLandscapeRight";
				INFOPLIST_KEY_UISupportedInterfaceOrientations_iPhone = "UIInterfaceOrientationPortrait UIInterfaceOrientationLandscapeLeft UIInterfaceOrientationLandscapeRight";
				LD_RUNPATH_SEARCH_PATHS = (
					"$(inherited)",
					"@executable_path/Frameworks",
				);
				MARKETING_VERSION = 1.0;
				PRODUCT_BUNDLE_IDENTIFIER = com.matflow.SwiftUIMapApp;
				PRODUCT_NAME = "$(TARGET_NAME)";
				SWIFT_EMIT_LOC_STRINGS = YES;
				SWIFT_VERSION = 5.0;
				TARGETED_DEVICE_FAMILY = "1,2";
			};
			name = Release;
		};
/* End XCBuildConfiguration section */

/* Begin XCConfigurationList section */
		EBCEDBC32ADE58ED00B5C443 /* Build configuration list for PBXProject "SwiftUIMapApp" */ = {
			isa = XCConfigurationList;
			buildConfigurations = (
				EBCEDBD42ADE58EE00B5C443 /* Debug */,
				EBCEDBD52ADE58EE00B5C443 /* Release */,
			);
			defaultConfigurationIsVisible = 0;
			defaultConfigurationName = Release;
		};
		EBCEDBD62ADE58EE00B5C443 /* Build configuration list for PBXNativeTarget "SwiftUIMapApp" */ = {
			isa = XCConfigurationList;
			buildConfigurations = (
				EBCEDBD72ADE58EE00B5C443 /* Debug */,
				EBCEDBD82ADE58EE00B5C443 /* Release */,
			);
			defaultConfigurationIsVisible = 0;
			defaultConfigurationName = Release;
		};
/* End XCConfigurationList section */
	};
	rootObject = EBCEDBC02ADE58ED00B5C443 /* Project object */;
}
